<?xml version="1.0" encoding="utf-8"?>
<Project ToolsVersion="4.0" xmlns="http://schemas.microsoft.com/developer/msbuild/2003">
  <ItemGroup>
    <Filter Include="Source Files">
      <UniqueIdentifier>{4FC737F1-C7A5-4376-A066-2A32D752A2FF}</UniqueIdentifier>
      <Extensions>cpp;c;cc;cxx;c++;cppm;ixx;def;odl;idl;hpj;bat;asm;asmx</Extensions>
    </Filter>
    <Filter Include="Header Files">
      <UniqueIdentifier>{93995380-89BD-4b04-88EB-625FBE52EBFB}</UniqueIdentifier>
      <Extensions>h;hh;hpp;hxx;h++;hm;inl;inc;ipp;xsd</Extensions>
    </Filter>
    <Filter Include="Resource Files">
      <UniqueIdentifier>{67DA6AB6-F800-4c08-8B7A-83BB121AAD01}</UniqueIdentifier>
      <Extensions>rc;ico;cur;bmp;dlg;rc2;rct;bin;rgs;gif;jpg;jpeg;jpe;resx;tiff;tif;png;wav;mfcribbon-ms</Extensions>
    </Filter>
    <Filter Include="Source Files\Space Invaders">
      <UniqueIdentifier>{4fa6c7c2-05f3-4168-adde-42d7db9fde2f}</UniqueIdentifier>
    </Filter>
    <Filter Include="Source Files\Paranoid">
      <UniqueIdentifier>{9dca4a92-ee76-41fe-8977-6c79a1b2dfd0}</UniqueIdentifier>
    </Filter>
    <Filter Include="Header Files\SpaceInvaders">
      <UniqueIdentifier>{4f26e770-013b-44c6-949d-4ee54087b7b8}</UniqueIdentifier>
    </Filter>
    <Filter Include="Header Files\Paranoid">
      <UniqueIdentifier>{8ee9dc5b-8f33-4b7e-825a-8264dbb33593}</UniqueIdentifier>
    </Filter>
  </ItemGroup>
  <ItemGroup>
    <ClCompile Include="Main.cpp">
      <Filter>Source Files</Filter>
    </ClCompile>
    <ClCompile Include="GameSource.cpp">
      <Filter>Source Files</Filter>
    </ClCompile>
    <ClCompile Include="Window.cpp">
      <Filter>Source Files</Filter>
    </ClCompile>
    <ClCompile Include="FrameTimer.cpp">
      <Filter>Source Files</Filter>
    </ClCompile>
    <ClCompile Include="GameObject.cpp">
      <Filter>Source Files</Filter>
    </ClCompile>
    <ClCompile Include="KeyboardInput.cpp">
      <Filter>Source Files</Filter>
    </ClCompile>
    <ClCompile Include="MusicPlayer.cpp">
      <Filter>Source Files</Filter>
    </ClCompile>
    <ClCompile Include="GameSelectionMenu.cpp">
      <Filter>Source Files</Filter>
    </ClCompile>
    <ClCompile Include="ScreenBuffer.cpp">
      <Filter>Source Files</Filter>
    </ClCompile>
    <ClCompile Include="Alien.cpp">
      <Filter>Source Files\Space Invaders</Filter>
    </ClCompile>
    <ClCompile Include="AliensGameSource.cpp">
      <Filter>Source Files\Space Invaders</Filter>
    </ClCompile>
    <ClCompile Include="Barrier.cpp">
      <Filter>Source Files\Space Invaders</Filter>
    </ClCompile>
    <ClCompile Include="Ground.cpp">
      <Filter>Source Files\Space Invaders</Filter>
    </ClCompile>
    <ClCompile Include="Laser.cpp">
      <Filter>Source Files\Space Invaders</Filter>
    </ClCompile>
    <ClCompile Include="Player.cpp">
      <Filter>Source Files\Space Invaders</Filter>
    </ClCompile>
    <ClCompile Include="ParanoidGameSource.cpp">
      <Filter>Source Files\Paranoid</Filter>
    </ClCompile>
    <ClCompile Include="Bomb.cpp">
      <Filter>Source Files\Space Invaders</Filter>
    </ClCompile>
  </ItemGroup>
  <ItemGroup>
    <ClInclude Include="Window.h">
      <Filter>Header Files</Filter>
    </ClInclude>
    <ClInclude Include="GameSource.h">
      <Filter>Header Files</Filter>
    </ClInclude>
    <ClInclude Include="FrameTimer.h">
      <Filter>Header Files</Filter>
    </ClInclude>
    <ClInclude Include="GameObject.h">
      <Filter>Header Files</Filter>
    </ClInclude>
    <ClInclude Include="KeyboardInput.h">
      <Filter>Header Files</Filter>
    </ClInclude>
    <ClInclude Include="MusicPlayer.h">
      <Filter>Header Files</Filter>
    </ClInclude>
    <ClInclude Include="GameSelectionMenu.h">
      <Filter>Header Files</Filter>
    </ClInclude>
    <ClInclude Include="ScreenBuffer.h">
      <Filter>Header Files</Filter>
    </ClInclude>
    <ClInclude Include="Alien.h">
      <Filter>Header Files\SpaceInvaders</Filter>
    </ClInclude>
    <ClInclude Include="AliensGameSource.h">
      <Filter>Header Files\SpaceInvaders</Filter>
    </ClInclude>
    <ClInclude Include="Barrier.h">
      <Filter>Header Files\SpaceInvaders</Filter>
    </ClInclude>
    <ClInclude Include="Ground.h">
      <Filter>Header Files\SpaceInvaders</Filter>
    </ClInclude>
    <ClInclude Include="Laser.h">
      <Filter>Header Files\SpaceInvaders</Filter>
    </ClInclude>
    <ClInclude Include="Player.h">
      <Filter>Header Files\SpaceInvaders</Filter>
    </ClInclude>
    <ClInclude Include="ParanoidGameSource.h">
      <Filter>Header Files\Paranoid</Filter>
    </ClInclude>
    <ClInclude Include="Bomb.h">
      <Filter>Header Files\SpaceInvaders</Filter>
    </ClInclude>
  </ItemGroup>
</Project>